
Microsoft Visual Studio Solution File, Format Version 12.00
# Visual Studio Version 16
VisualStudioVersion = 16.0.32228.343
MinimumVisualStudioVersion = 10.0.40219.1
Project("{9A19103F-16F7-4668-BE54-9A1E7A4F7556}") = "MangaLibCollection.DataAccess", "MangaLibCollection.DataAccess\MangaLibCollection.DataAccess.csproj", "{0CE7DF2B-0896-40AA-8672-B55AC0376F05}"
EndProject
Project("{FAE04EC0-301F-11D3-BF4B-00C04F79EFBC}") = "MangaLibCollection.Model", "MangaLibCollection.Model\MangaLibCollection.Model.csproj", "{931F467E-FDEE-41D9-840B-4F6A7EFEFF0D}"
EndProject
Global
	GlobalSection(SolutionConfigurationPlatforms) = preSolution
		Debug|Any CPU = Debug|Any CPU
		Release|Any CPU = Release|Any CPU
	EndGlobalSection
	GlobalSection(ProjectConfigurationPlatforms) = postSolution
		{0CE7DF2B-0896-40AA-8672-B55AC0376F05}.Debug|Any CPU.ActiveCfg = Debug|Any CPU
		{0CE7DF2B-0896-40AA-8672-B55AC0376F05}.Debug|Any CPU.Build.0 = Debug|Any CPU
		{0CE7DF2B-0896-40AA-8672-B55AC0376F05}.Release|Any CPU.ActiveCfg = Release|Any CPU
		{0CE7DF2B-0896-40AA-8672-B55AC0376F05}.Release|Any CPU.Build.0 = Release|Any CPU
		{931F467E-FDEE-41D9-840B-4F6A7EFEFF0D}.Debug|Any CPU.ActiveCfg = Debug|Any CPU
		{931F467E-FDEE-41D9-840B-4F6A7EFEFF0D}.Debug|Any CPU.Build.0 = Debug|Any CPU
		{931F467E-FDEE-41D9-840B-4F6A7EFEFF0D}.Release|Any CPU.ActiveCfg = Release|Any CPU
		{931F467E-FDEE-41D9-840B-4F6A7EFEFF0D}.Release|Any CPU.Build.0 = Release|Any CPU
	EndGlobalSection
	GlobalSection(SolutionProperties) = preSolution
		HideSolutionNode = FALSE
	EndGlobalSection
	GlobalSection(ExtensibilityGlobals) = postSolution
		SolutionGuid = {A650F994-9C8F-4519-ACC0-9341462DDB7D}
	EndGlobalSection
EndGlobal
